
Microsoft Visual Studio Solution File, Format Version 12.00
# Visual Studio Version 16
VisualStudioVersion = 16.0.29102.190
MinimumVisualStudioVersion = 10.0.40219.1
Project("{FAE04EC0-301F-11D3-BF4B-00C04F79EFBC}") = "7ShiftTest", "7ShiftTest.csproj", "{B52C0733-A541-4BF1-8431-5970B42A5DFD}"
EndProject
Global
	GlobalSection(SolutionConfigurationPlatforms) = preSolution
		Debug|Any CPU = Debug|Any CPU
		Release|Any CPU = Release|Any CPU
	EndGlobalSection
	GlobalSection(ProjectConfigurationPlatforms) = postSolution
		{B52C0733-A541-4BF1-8431-5970B42A5DFD}.Debug|Any CPU.ActiveCfg = Debug|Any CPU
		{B52C0733-A541-4BF1-8431-5970B42A5DFD}.Debug|Any CPU.Build.0 = Debug|Any CPU
		{B52C0733-A541-4BF1-8431-5970B42A5DFD}.Release|Any CPU.ActiveCfg = Release|Any CPU
		{B52C0733-A541-4BF1-8431-5970B42A5DFD}.Release|Any CPU.Build.0 = Release|Any CPU
	EndGlobalSection
	GlobalSection(SolutionProperties) = preSolution
		HideSolutionNode = FALSE
	EndGlobalSection
	GlobalSection(ExtensibilityGlobals) = postSolution
		SolutionGuid = {8B1B08DD-9509-4BAB-B303-8A35CECF9722}
	EndGlobalSection
EndGlobal
